{
  "name": "dnd-master-android",
  "version": "1.0.0",
  "lockfileVersion": 3,
  "requires": true,
  "packages": {
    "": {
      "name": "dnd-master-android",
      "version": "1.0.0",
      "dependencies": {
        "@capacitor/android": "^7.6.9",
        "@capacitor/app": "^7.1.2",
        "@capacitor/core": "^7.6.9",
        "@capacitor/filesystem": "^7.1.9",
        "@capacitor/share": "^7.0.4",
        "@capacitor/status-bar": "^7.0.6"
      }
    },
    "node_modules/@capacitor/android": {
      "version": "7.6.9",
      "resolved": "https://registry.npmjs.org/@capacitor/android/-/android-7.6.9.tgz",
      "integrity": "sha512-jvfU42aOuj92/KJqRscfDm+5612WzJainFL09xjJgD9oI3OMXN4PBfccn8Ig9i8x7bkVqZv/XNwFshiIRqmggg==",
      "license": "MIT",
      "peerDependencies": {
        "@capacitor/core": "^7.6.0"
      }
    },
    "node_modules/@capacitor/app": {
      "version": "7.1.2",
      "resolved": "https://registry.npmjs.org/@capacitor/app/-/app-7.1.2.tgz",
      "integrity": "sha512-d4I/oF/PRu4megL7/IGKYfe5j7yzSON1FRFgq6kH+m5kH6g7V+wyjHRLauCzGNjdRx4S+nWOumINds0qcRBtKg==",
      "license": "MIT",
      "peerDependencies": {
        "@capacitor/core": ">=7.0.0"
      }
    },
    "node_modules/@capacitor/core": {
      "version": "7.6.9",
      "resolved": "https://registry.npmjs.org/@capacitor/core/-/core-7.6.9.tgz",
      "integrity": "sha512-4DOh/xySC9S5ryhUIqpOppasIyi2WiTdF0JuZ/2DEs+vf5eunRzHDdNYBp1snA3faHciTw/3SVGXfR+WkYxsMA==",
      "license": "MIT",
      "dependencies": {
        "tslib": "^2.1.0"
      }
    },
    "node_modules/@capacitor/filesystem": {
      "version": "7.1.9",
      "resolved": "https://registry.npmjs.org/@capacitor/filesystem/-/filesystem-7.1.9.tgz",
      "integrity": "sha512-HBr3NwENo/Fm7Cmm6Cvps255OIdgQ2VXtSNZK+2Nkw0Y7EMid9y5AS9XfEzGmsC7MXbC6Hx2yXV/hvnuifsSXA==",
      "license": "MIT",
      "dependencies": {
        "@capacitor/synapse": "^1.0.3"
      },
      "peerDependencies": {
        "@capacitor/core": ">=7.0.0"
      }
    },
    "node_modules/@capacitor/share": {
      "version": "7.0.4",
      "resolved": "https://registry.npmjs.org/@capacitor/share/-/share-7.0.4.tgz",
      "integrity": "sha512-wNXxmXUcChrtbZ5jQv8scFIbIGKo3rk6B7qpWySxfUhYJP5NANgAqQ9Z69m0k/zYsucdh66SBU7XW1ykd9aUug==",
      "license": "MIT",
      "peerDependencies": {
        "@capacitor/core": ">=7.0.0"
      }
    },
    "node_modules/@capacitor/status-bar": {
      "version": "7.0.6",
      "resolved": "https://registry.npmjs.org/@capacitor/status-bar/-/status-bar-7.0.6.tgz",
      "integrity": "sha512-7AVqj46b26QikImQzWfsJmzG8NUJZBGkrVSuoeTo+SX/YH3hXH0MqwwFgMqMGHfa/BICDgSvTjM9miVFlq0+RQ==",
      "license": "MIT",
      "peerDependencies": {
        "@capacitor/core": ">=7.0.0"
      }
    },
    "node_modules/@capacitor/synapse": {
      "version": "1.0.4",
      "resolved": "https://registry.npmjs.org/@capacitor/synapse/-/synapse-1.0.4.tgz",
      "integrity": "sha512-/C1FUo8/OkKuAT4nCIu/34ny9siNHr9qtFezu4kxm6GY1wNFxrCFWjfYx5C1tUhVGz3fxBABegupkpjXvjCHrw==",
      "license": "ISC"
    },
    "node_modules/tslib": {
      "version": "2.8.1",
      "resolved": "https://registry.npmjs.org/tslib/-/tslib-2.8.1.tgz",
      "integrity": "sha512-oJFu94HQb+KVduSUQL7wnpmqnfmLsOA/nAh6b6EH0wCEoK0/mPeXU6c3wKDV83MkOuHPRHtSXKKU99IBazS/2w==",
      "license": "0BSD"
    }
  }
}
